
Microsoft Visual Studio Solution File, Format Version 12.00
# Visual Studio Version 17
VisualStudioVersion = 17.9.34622.214
MinimumVisualStudioVersion = 10.0.40219.1
Project("{FAE04EC0-301F-11D3-BF4B-00C04F79EFBC}") = "devRoot.Server", "devRoot.Server\devRoot.Server.csproj", "{F4546053-1DE2-44E4-AA55-3B79201174E3}"
EndProject
Global
	GlobalSection(SolutionConfigurationPlatforms) = preSolution
		Debug|Any CPU = Debug|Any CPU
		Release|Any CPU = Release|Any CPU
	EndGlobalSection
	GlobalSection(ProjectConfigurationPlatforms) = postSolution
		{F4546053-1DE2-44E4-AA55-3B79201174E3}.Debug|Any CPU.ActiveCfg = Debug|Any CPU
		{F4546053-1DE2-44E4-AA55-3B79201174E3}.Debug|Any CPU.Build.0 = Debug|Any CPU
		{F4546053-1DE2-44E4-AA55-3B79201174E3}.Release|Any CPU.ActiveCfg = Release|Any CPU
		{F4546053-1DE2-44E4-AA55-3B79201174E3}.Release|Any CPU.Build.0 = Release|Any CPU
	EndGlobalSection
	GlobalSection(SolutionProperties) = preSolution
		HideSolutionNode = FALSE
	EndGlobalSection
	GlobalSection(ExtensibilityGlobals) = postSolution
		SolutionGuid = {E5888E07-D5EF-4C91-97F5-E9DE3F39DE69}
	EndGlobalSection
EndGlobal
